
Microsoft Visual Studio Solution File, Format Version 12.00
# Visual Studio Version 17
VisualStudioVersion = 17.10.35013.160
MinimumVisualStudioVersion = 10.0.40219.1
Project("{FAE04EC0-301F-11D3-BF4B-00C04F79EFBC}") = "LW1", "LW1\LW1.csproj", "{49967784-DB18-4147-806A-A1413D1C9B58}"
EndProject
Global
	GlobalSection(SolutionConfigurationPlatforms) = preSolution
		Debug|Any CPU = Debug|Any CPU
		Release|Any CPU = Release|Any CPU
	EndGlobalSection
	GlobalSection(ProjectConfigurationPlatforms) = postSolution
		{49967784-DB18-4147-806A-A1413D1C9B58}.Debug|Any CPU.ActiveCfg = Debug|Any CPU
		{49967784-DB18-4147-806A-A1413D1C9B58}.Debug|Any CPU.Build.0 = Debug|Any CPU
		{49967784-DB18-4147-806A-A1413D1C9B58}.Release|Any CPU.ActiveCfg = Release|Any CPU
		{49967784-DB18-4147-806A-A1413D1C9B58}.Release|Any CPU.Build.0 = Release|Any CPU
	EndGlobalSection
	GlobalSection(SolutionProperties) = preSolution
		HideSolutionNode = FALSE
	EndGlobalSection
	GlobalSection(ExtensibilityGlobals) = postSolution
		SolutionGuid = {6A36F840-5AD8-4F37-8B7F-F09ED0E6410B}
	EndGlobalSection
EndGlobal
