
Microsoft Visual Studio Solution File, Format Version 12.00
# Visual Studio Version 17
VisualStudioVersion = 17.10.35013.160
MinimumVisualStudioVersion = 10.0.40219.1
Project("{FAE04EC0-301F-11D3-BF4B-00C04F79EFBC}") = "LW1", "LW1\LW1.csproj", "{35775B0F-96E9-4706-A181-B812820C1B65}"
EndProject
Global
	GlobalSection(SolutionConfigurationPlatforms) = preSolution
		Debug|Any CPU = Debug|Any CPU
		Release|Any CPU = Release|Any CPU
	EndGlobalSection
	GlobalSection(ProjectConfigurationPlatforms) = postSolution
		{35775B0F-96E9-4706-A181-B812820C1B65}.Debug|Any CPU.ActiveCfg = Debug|Any CPU
		{35775B0F-96E9-4706-A181-B812820C1B65}.Debug|Any CPU.Build.0 = Debug|Any CPU
		{35775B0F-96E9-4706-A181-B812820C1B65}.Release|Any CPU.ActiveCfg = Release|Any CPU
		{35775B0F-96E9-4706-A181-B812820C1B65}.Release|Any CPU.Build.0 = Release|Any CPU
	EndGlobalSection
	GlobalSection(SolutionProperties) = preSolution
		HideSolutionNode = FALSE
	EndGlobalSection
	GlobalSection(ExtensibilityGlobals) = postSolution
		SolutionGuid = {7D4A0970-8005-414A-B766-D424993A2C75}
	EndGlobalSection
EndGlobal
