
Microsoft Visual Studio Solution File, Format Version 12.00
# Visual Studio Version 17
VisualStudioVersion = 17.4.33213.308
MinimumVisualStudioVersion = 10.0.40219.1
Project("{8BC9CEB8-8B4A-11D0-8D11-00A0C91BC942}") = "LW3", "LW3.vcxproj", "{BCFBC6F9-8CC1-401D-AC89-7E137E3745AB}"
EndProject
Global
	GlobalSection(SolutionConfigurationPlatforms) = preSolution
		Debug|x64 = Debug|x64
		Debug|x86 = Debug|x86
		Release|x64 = Release|x64
		Release|x86 = Release|x86
	EndGlobalSection
	GlobalSection(ProjectConfigurationPlatforms) = postSolution
		{BCFBC6F9-8CC1-401D-AC89-7E137E3745AB}.Debug|x64.ActiveCfg = Debug|x64
		{BCFBC6F9-8CC1-401D-AC89-7E137E3745AB}.Debug|x64.Build.0 = Debug|x64
		{BCFBC6F9-8CC1-401D-AC89-7E137E3745AB}.Debug|x86.ActiveCfg = Debug|Win32
		{BCFBC6F9-8CC1-401D-AC89-7E137E3745AB}.Debug|x86.Build.0 = Debug|Win32
		{BCFBC6F9-8CC1-401D-AC89-7E137E3745AB}.Release|x64.ActiveCfg = Release|x64
		{BCFBC6F9-8CC1-401D-AC89-7E137E3745AB}.Release|x64.Build.0 = Release|x64
		{BCFBC6F9-8CC1-401D-AC89-7E137E3745AB}.Release|x86.ActiveCfg = Release|Win32
		{BCFBC6F9-8CC1-401D-AC89-7E137E3745AB}.Release|x86.Build.0 = Release|Win32
	EndGlobalSection
	GlobalSection(SolutionProperties) = preSolution
		HideSolutionNode = FALSE
	EndGlobalSection
	GlobalSection(ExtensibilityGlobals) = postSolution
		SolutionGuid = {E5D5A9BC-C45E-4CFB-B673-252DE20DC9A3}
	EndGlobalSection
EndGlobal
