
Microsoft Visual Studio Solution File, Format Version 12.00
# Visual Studio Version 17
VisualStudioVersion = 17.14.36121.58 d17.14
MinimumVisualStudioVersion = 10.0.40219.1
Project("{FAE04EC0-301F-11D3-BF4B-00C04F79EFBC}") = "backend", "backend\backend.csproj", "{38B8F686-6BB2-4763-9F03-90D93FEC4BE6}"
EndProject
Project("{FAE04EC0-301F-11D3-BF4B-00C04F79EFBC}") = "frontend", "frontend\frontend.csproj", "{90CF18BE-437A-4804-9E85-213B3EBFA1C5}"
EndProject
Project("{FAE04EC0-301F-11D3-BF4B-00C04F79EFBC}") = "frontend.Desktop", "frontend.Desktop\frontend.Desktop.csproj", "{ED1CFE30-7621-882C-AE8A-D07EF7AB315E}"
EndProject
Project("{FAE04EC0-301F-11D3-BF4B-00C04F79EFBC}") = "commonlib", "commonlib\commonlib.csproj", "{FC54E70A-5D7D-4227-ADE4-5D4DCE64DC4F}"
EndProject
Global
	GlobalSection(SolutionConfigurationPlatforms) = preSolution
		Debug|Any CPU = Debug|Any CPU
		Release|Any CPU = Release|Any CPU
	EndGlobalSection
	GlobalSection(ProjectConfigurationPlatforms) = postSolution
		{38B8F686-6BB2-4763-9F03-90D93FEC4BE6}.Debug|Any CPU.ActiveCfg = Debug|Any CPU
		{38B8F686-6BB2-4763-9F03-90D93FEC4BE6}.Debug|Any CPU.Build.0 = Debug|Any CPU
		{38B8F686-6BB2-4763-9F03-90D93FEC4BE6}.Release|Any CPU.ActiveCfg = Release|Any CPU
		{38B8F686-6BB2-4763-9F03-90D93FEC4BE6}.Release|Any CPU.Build.0 = Release|Any CPU
		{90CF18BE-437A-4804-9E85-213B3EBFA1C5}.Debug|Any CPU.ActiveCfg = Debug|Any CPU
		{90CF18BE-437A-4804-9E85-213B3EBFA1C5}.Debug|Any CPU.Build.0 = Debug|Any CPU
		{90CF18BE-437A-4804-9E85-213B3EBFA1C5}.Release|Any CPU.ActiveCfg = Release|Any CPU
		{90CF18BE-437A-4804-9E85-213B3EBFA1C5}.Release|Any CPU.Build.0 = Release|Any CPU
		{ED1CFE30-7621-882C-AE8A-D07EF7AB315E}.Debug|Any CPU.ActiveCfg = Debug|Any CPU
		{ED1CFE30-7621-882C-AE8A-D07EF7AB315E}.Debug|Any CPU.Build.0 = Debug|Any CPU
		{ED1CFE30-7621-882C-AE8A-D07EF7AB315E}.Release|Any CPU.ActiveCfg = Release|Any CPU
		{ED1CFE30-7621-882C-AE8A-D07EF7AB315E}.Release|Any CPU.Build.0 = Release|Any CPU
		{FC54E70A-5D7D-4227-ADE4-5D4DCE64DC4F}.Debug|Any CPU.ActiveCfg = Debug|Any CPU
		{FC54E70A-5D7D-4227-ADE4-5D4DCE64DC4F}.Debug|Any CPU.Build.0 = Debug|Any CPU
		{FC54E70A-5D7D-4227-ADE4-5D4DCE64DC4F}.Release|Any CPU.ActiveCfg = Release|Any CPU
		{FC54E70A-5D7D-4227-ADE4-5D4DCE64DC4F}.Release|Any CPU.Build.0 = Release|Any CPU
	EndGlobalSection
	GlobalSection(SolutionProperties) = preSolution
		HideSolutionNode = FALSE
	EndGlobalSection
	GlobalSection(ExtensibilityGlobals) = postSolution
		SolutionGuid = {5494D108-E1E3-45D5-842D-9DFC6CCF602A}
	EndGlobalSection
EndGlobal
